
Microsoft Visual Studio Solution File, Format Version 12.00
# Visual Studio Version 16
VisualStudioVersion = 16.0.30907.101
MinimumVisualStudioVersion = 10.0.40219.1
Project("{FAE04EC0-301F-11D3-BF4B-00C04F79EFBC}") = "WebAppTest", "WebAppTest\WebAppTest.csproj", "{EE04D123-6138-4A11-B60F-F117C50C9093}"
EndProject
Global
	GlobalSection(SolutionConfigurationPlatforms) = preSolution
		Debug|Any CPU = Debug|Any CPU
		Release|Any CPU = Release|Any CPU
	EndGlobalSection
	GlobalSection(ProjectConfigurationPlatforms) = postSolution
		{EE04D123-6138-4A11-B60F-F117C50C9093}.Debug|Any CPU.ActiveCfg = Debug|Any CPU
		{EE04D123-6138-4A11-B60F-F117C50C9093}.Debug|Any CPU.Build.0 = Debug|Any CPU
		{EE04D123-6138-4A11-B60F-F117C50C9093}.Release|Any CPU.ActiveCfg = Release|Any CPU
		{EE04D123-6138-4A11-B60F-F117C50C9093}.Release|Any CPU.Build.0 = Release|Any CPU
	EndGlobalSection
	GlobalSection(SolutionProperties) = preSolution
		HideSolutionNode = FALSE
	EndGlobalSection
	GlobalSection(ExtensibilityGlobals) = postSolution
		SolutionGuid = {0268E42D-FD8E-46C4-823D-C2694CAE7EFD}
	EndGlobalSection
EndGlobal
